// !$*UTF8*$!
{
	archiveVersion = 1;
	classes = {
	};
	objectVersion = 48;
	objects = {

/* Begin PBXBuildFile section */
		B332EDDA2164A8B9009AD9AB /* AppDelegate+RegisRouter.m in Sources */ = {isa = PBXBuildFile; fileRef = B332EDD92164A8B9009AD9AB /* AppDelegate+RegisRouter.m */; };
		B332EDDD2164A9FB009AD9AB /* JLRoutes+GenerateURLSupport.m in Sources */ = {isa = PBXBuildFile; fileRef = B332EDDC2164A9FB009AD9AB /* JLRoutes+GenerateURLSupport.m */; };
		B337C9262143BCFB00E854F3 /* AppDelegate.m in Sources */ = {isa = PBXBuildFile; fileRef = B337C9252143BCFB00E854F3 /* AppDelegate.m */; };
		B337C9292143BCFB00E854F3 /* ViewController.m in Sources */ = {isa = PBXBuildFile; fileRef = B337C9282143BCFB00E854F3 /* ViewController.m */; };
		B337C92C2143BCFB00E854F3 /* Main.storyboard in Resources */ = {isa = PBXBuildFile; fileRef = B337C92A2143BCFB00E854F3 /* Main.storyboard */; };
		B337C92E2143BCFC00E854F3 /* Assets.xcassets in Resources */ = {isa = PBXBuildFile; fileRef = B337C92D2143BCFC00E854F3 /* Assets.xcassets */; };
		B337C9312143BCFC00E854F3 /* LaunchScreen.storyboard in Resources */ = {isa = PBXBuildFile; fileRef = B337C92F2143BCFC00E854F3 /* LaunchScreen.storyboard */; };
		B337C9342143BCFC00E854F3 /* main.m in Sources */ = {isa = PBXBuildFile; fileRef = B337C9332143BCFC00E854F3 /* main.m */; };
		B337C9442143C1D800E854F3 /* BMTabbarController.m in Sources */ = {isa = PBXBuildFile; fileRef = B337C9432143C1D800E854F3 /* BMTabbarController.m */; };
		B337C95A2143CC5800E854F3 /* BMLoginViewController.m in Sources */ = {isa = PBXBuildFile; fileRef = B337C9582143CC5800E854F3 /* BMLoginViewController.m */; };
		B337C95B2143CC5800E854F3 /* BMLoginViewController.xib in Resources */ = {isa = PBXBuildFile; fileRef = B337C9592143CC5800E854F3 /* BMLoginViewController.xib */; };
		B337C95E2143CC8A00E854F3 /* BMLoginViewModel.m in Sources */ = {isa = PBXBuildFile; fileRef = B337C95D2143CC8A00E854F3 /* BMLoginViewModel.m */; };
		B337C9612143CDC600E854F3 /* AppDelegate+AppUrlConfig.m in Sources */ = {isa = PBXBuildFile; fileRef = B337C9602143CDC600E854F3 /* AppDelegate+AppUrlConfig.m */; };
		B337C9642143CEAF00E854F3 /* AppDelegate+AdapterForIOS11.m in Sources */ = {isa = PBXBuildFile; fileRef = B337C9632143CEAF00E854F3 /* AppDelegate+AdapterForIOS11.m */; };
		B352810E216700CE009CD6AC /* AppDelegate+AspectsHotfix.m in Sources */ = {isa = PBXBuildFile; fileRef = B352810D216700CE009CD6AC /* AppDelegate+AspectsHotfix.m */; };
		B3528119216710CC009CD6AC /* LYFix.m in Sources */ = {isa = PBXBuildFile; fileRef = B3528118216710CC009CD6AC /* LYFix.m */; };
		B352812C2167114B009CD6AC /* instanceMethodCrash.js in Resources */ = {isa = PBXBuildFile; fileRef = B352811E2167114B009CD6AC /* instanceMethodCrash.js */; };
		B352812D2167114B009CD6AC /* runInstanceMethod.js in Resources */ = {isa = PBXBuildFile; fileRef = B352811F2167114B009CD6AC /* runInstanceMethod.js */; };
		B352812E2167114B009CD6AC /* runBeforeClassMethod.js in Resources */ = {isa = PBXBuildFile; fileRef = B35281202167114B009CD6AC /* runBeforeClassMethod.js */; };
		B352812F2167114B009CD6AC /* runClassMethod.js in Resources */ = {isa = PBXBuildFile; fileRef = B35281212167114B009CD6AC /* runClassMethod.js */; };
		B35281302167114B009CD6AC /* runAfterInstanceMethod.js in Resources */ = {isa = PBXBuildFile; fileRef = B35281222167114B009CD6AC /* runAfterInstanceMethod.js */; };
		B35281312167114B009CD6AC /* changeReturnValue.js in Resources */ = {isa = PBXBuildFile; fileRef = B35281232167114B009CD6AC /* changeReturnValue.js */; };
		B35281322167114B009CD6AC /* runBeforeInstanceMethod.js in Resources */ = {isa = PBXBuildFile; fileRef = B35281242167114B009CD6AC /* runBeforeInstanceMethod.js */; };
		B35281332167114B009CD6AC /* calssMethodCrash.js in Resources */ = {isa = PBXBuildFile; fileRef = B35281252167114B009CD6AC /* calssMethodCrash.js */; };
		B35281342167114B009CD6AC /* changePrames.js in Resources */ = {isa = PBXBuildFile; fileRef = B35281262167114B009CD6AC /* changePrames.js */; };
		B35281352167114B009CD6AC /* runInsteadInstanceMethod.js in Resources */ = {isa = PBXBuildFile; fileRef = B35281272167114B009CD6AC /* runInsteadInstanceMethod.js */; };
		B35281362167114B009CD6AC /* runWithInstanceMethod.js in Resources */ = {isa = PBXBuildFile; fileRef = B35281282167114B009CD6AC /* runWithInstanceMethod.js */; };
		B35281372167114B009CD6AC /* runInsteadClassMethod.js in Resources */ = {isa = PBXBuildFile; fileRef = B35281292167114B009CD6AC /* runInsteadClassMethod.js */; };
		B35281382167114B009CD6AC /* runWithParams.js in Resources */ = {isa = PBXBuildFile; fileRef = B352812A2167114B009CD6AC /* runWithParams.js */; };
		B35281392167114B009CD6AC /* runAfterClassMethod.js in Resources */ = {isa = PBXBuildFile; fileRef = B352812B2167114B009CD6AC /* runAfterClassMethod.js */; };
		B352813C21671924009CD6AC /* NSInvocation+LYAddtion.m in Sources */ = {isa = PBXBuildFile; fileRef = B352813B21671924009CD6AC /* NSInvocation+LYAddtion.m */; };
		B352814721673E9D009CD6AC /* BMDiscoverViewModel.m in Sources */ = {isa = PBXBuildFile; fileRef = B352814621673E9D009CD6AC /* BMDiscoverViewModel.m */; };
		B352814B21673EC9009CD6AC /* BMDiscoverViewController.m in Sources */ = {isa = PBXBuildFile; fileRef = B352814921673EC9009CD6AC /* BMDiscoverViewController.m */; };
		B352814C21673EC9009CD6AC /* BMDiscoverViewController.xib in Resources */ = {isa = PBXBuildFile; fileRef = B352814A21673EC9009CD6AC /* BMDiscoverViewController.xib */; };
		B352815021674688009CD6AC /* BMBaseViewController.m in Sources */ = {isa = PBXBuildFile; fileRef = B352814F21674688009CD6AC /* BMBaseViewController.m */; };
		B352815321674E0F009CD6AC /* BMHookBaseControllerIntercepter.m in Sources */ = {isa = PBXBuildFile; fileRef = B352815221674E0F009CD6AC /* BMHookBaseControllerIntercepter.m */; };
		B352815921675844009CD6AC /* BMLoginAccountInputCell.m in Sources */ = {isa = PBXBuildFile; fileRef = B352815721675844009CD6AC /* BMLoginAccountInputCell.m */; };
		B352815A21675844009CD6AC /* BMLoginAccountInputCell.xib in Resources */ = {isa = PBXBuildFile; fileRef = B352815821675844009CD6AC /* BMLoginAccountInputCell.xib */; };
		B352815E21675859009CD6AC /* BMKLoginPwdInputCell.m in Sources */ = {isa = PBXBuildFile; fileRef = B352815C21675859009CD6AC /* BMKLoginPwdInputCell.m */; };
		B352815F21675859009CD6AC /* BMKLoginPwdInputCell.xib in Resources */ = {isa = PBXBuildFile; fileRef = B352815D21675859009CD6AC /* BMKLoginPwdInputCell.xib */; };
		B35281622167659A009CD6AC /* BMLoginInputFootView.m in Sources */ = {isa = PBXBuildFile; fileRef = B35281612167659A009CD6AC /* BMLoginInputFootView.m */; };
		B3528165216765AE009CD6AC /* BMLoginButton.m in Sources */ = {isa = PBXBuildFile; fileRef = B3528164216765AE009CD6AC /* BMLoginButton.m */; };
		B3528169216766E4009CD6AC /* UIColor+Tools.m in Sources */ = {isa = PBXBuildFile; fileRef = B3528168216766E4009CD6AC /* UIColor+Tools.m */; };
		B352816C216767E0009CD6AC /* UIImage+Tools.m in Sources */ = {isa = PBXBuildFile; fileRef = B352816B216767E0009CD6AC /* UIImage+Tools.m */; };
		B352816F2168A71D009CD6AC /* BMFuncationDefine.m in Sources */ = {isa = PBXBuildFile; fileRef = B352816E2168A71D009CD6AC /* BMFuncationDefine.m */; };
		B35281762168AB44009CD6AC /* BMAPIBaseRequest.m in Sources */ = {isa = PBXBuildFile; fileRef = B35281752168AB44009CD6AC /* BMAPIBaseRequest.m */; };
		B35281792168AE46009CD6AC /* BMAPILoginRequest.m in Sources */ = {isa = PBXBuildFile; fileRef = B35281782168AE46009CD6AC /* BMAPILoginRequest.m */; };
		B35A2E73215CC09800534779 /* BMRouterConstant.m in Sources */ = {isa = PBXBuildFile; fileRef = B35A2E72215CC09800534779 /* BMRouterConstant.m */; };
		B35A2E7C215CD49300534779 /* BMHomeViewModel.m in Sources */ = {isa = PBXBuildFile; fileRef = B35A2E7B215CD49300534779 /* BMHomeViewModel.m */; };
		B35A2E83215CD4C100534779 /* BMHomeViewController.m in Sources */ = {isa = PBXBuildFile; fileRef = B35A2E81215CD4C100534779 /* BMHomeViewController.m */; };
		B35A2E84215CD4C100534779 /* BMHomeViewController.xib in Resources */ = {isa = PBXBuildFile; fileRef = B35A2E82215CD4C100534779 /* BMHomeViewController.xib */; };
		B35A2E88215DBAB900534779 /* NSObject+NonBase.m in Sources */ = {isa = PBXBuildFile; fileRef = B35A2E87215DBAB900534779 /* NSObject+NonBase.m */; };
		B35A2E8B215DBC2F00534779 /* UIViewController+NonBase.m in Sources */ = {isa = PBXBuildFile; fileRef = B35A2E8A215DBC2F00534779 /* UIViewController+NonBase.m */; };
		B3D76A152164B9A70080CC74 /* Pods_BaseMVVM_RAC_Router.framework in Frameworks */ = {isa = PBXBuildFile; fileRef = B3D76A142164B9A70080CC74 /* Pods_BaseMVVM_RAC_Router.framework */; };
/* End PBXBuildFile section */

/* Begin PBXFileReference section */
		8293D4D4B2A13C4DD2BE7FDE /* Pods-BaseMVVM-RAC-Router.release.xcconfig */ = {isa = PBXFileReference; includeInIndex = 1; lastKnownFileType = text.xcconfig; name = "Pods-BaseMVVM-RAC-Router.release.xcconfig"; path = "Pods/Target Support Files/Pods-BaseMVVM-RAC-Router/Pods-BaseMVVM-RAC-Router.release.xcconfig"; sourceTree = "<group>"; };
		B332EDD82164A8B9009AD9AB /* AppDelegate+RegisRouter.h */ = {isa = PBXFileReference; lastKnownFileType = sourcecode.c.h; path = "AppDelegate+RegisRouter.h"; sourceTree = "<group>"; };
		B332EDD92164A8B9009AD9AB /* AppDelegate+RegisRouter.m */ = {isa = PBXFileReference; lastKnownFileType = sourcecode.c.objc; path = "AppDelegate+RegisRouter.m"; sourceTree = "<group>"; };
		B332EDDB2164A9FB009AD9AB /* JLRoutes+GenerateURLSupport.h */ = {isa = PBXFileReference; lastKnownFileType = sourcecode.c.h; path = "JLRoutes+GenerateURLSupport.h"; sourceTree = "<group>"; };
		B332EDDC2164A9FB009AD9AB /* JLRoutes+GenerateURLSupport.m */ = {isa = PBXFileReference; lastKnownFileType = sourcecode.c.objc; path = "JLRoutes+GenerateURLSupport.m"; sourceTree = "<group>"; };
		B337C9212143BCFB00E854F3 /* BaseMVVM-RAC-Router.app */ = {isa = PBXFileReference; explicitFileType = wrapper.application; includeInIndex = 0; path = "BaseMVVM-RAC-Router.app"; sourceTree = BUILT_PRODUCTS_DIR; };
		B337C9242143BCFB00E854F3 /* AppDelegate.h */ = {isa = PBXFileReference; lastKnownFileType = sourcecode.c.h; path = AppDelegate.h; sourceTree = "<group>"; };
		B337C9252143BCFB00E854F3 /* AppDelegate.m */ = {isa = PBXFileReference; lastKnownFileType = sourcecode.c.objc; path = AppDelegate.m; sourceTree = "<group>"; };
		B337C9272143BCFB00E854F3 /* ViewController.h */ = {isa = PBXFileReference; lastKnownFileType = sourcecode.c.h; path = ViewController.h; sourceTree = "<group>"; };
		B337C9282143BCFB00E854F3 /* ViewController.m */ = {isa = PBXFileReference; lastKnownFileType = sourcecode.c.objc; path = ViewController.m; sourceTree = "<group>"; };
		B337C92B2143BCFB00E854F3 /* Base */ = {isa = PBXFileReference; lastKnownFileType = file.storyboard; name = Base; path = Base.lproj/Main.storyboard; sourceTree = "<group>"; };
		B337C92D2143BCFC00E854F3 /* Assets.xcassets */ = {isa = PBXFileReference; lastKnownFileType = folder.assetcatalog; path = Assets.xcassets; sourceTree = "<group>"; };
		B337C9302143BCFC00E854F3 /* Base */ = {isa = PBXFileReference; lastKnownFileType = file.storyboard; name = Base; path = Base.lproj/LaunchScreen.storyboard; sourceTree = "<group>"; };
		B337C9322143BCFC00E854F3 /* Info.plist */ = {isa = PBXFileReference; lastKnownFileType = text.plist.xml; path = Info.plist; sourceTree = "<group>"; };
		B337C9332143BCFC00E854F3 /* main.m */ = {isa = PBXFileReference; lastKnownFileType = sourcecode.c.objc; path = main.m; sourceTree = "<group>"; };
		B337C9422143C1D800E854F3 /* BMTabbarController.h */ = {isa = PBXFileReference; lastKnownFileType = sourcecode.c.h; path = BMTabbarController.h; sourceTree = "<group>"; };
		B337C9432143C1D800E854F3 /* BMTabbarController.m */ = {isa = PBXFileReference; lastKnownFileType = sourcecode.c.objc; path = BMTabbarController.m; sourceTree = "<group>"; };
		B337C9572143CC5800E854F3 /* BMLoginViewController.h */ = {isa = PBXFileReference; lastKnownFileType = sourcecode.c.h; path = BMLoginViewController.h; sourceTree = "<group>"; };
		B337C9582143CC5800E854F3 /* BMLoginViewController.m */ = {isa = PBXFileReference; lastKnownFileType = sourcecode.c.objc; path = BMLoginViewController.m; sourceTree = "<group>"; };
		B337C9592143CC5800E854F3 /* BMLoginViewController.xib */ = {isa = PBXFileReference; lastKnownFileType = file.xib; path = BMLoginViewController.xib; sourceTree = "<group>"; };
		B337C95C2143CC8A00E854F3 /* BMLoginViewModel.h */ = {isa = PBXFileReference; lastKnownFileType = sourcecode.c.h; path = BMLoginViewModel.h; sourceTree = "<group>"; };
		B337C95D2143CC8A00E854F3 /* BMLoginViewModel.m */ = {isa = PBXFileReference; lastKnownFileType = sourcecode.c.objc; path = BMLoginViewModel.m; sourceTree = "<group>"; };
		B337C95F2143CDC600E854F3 /* AppDelegate+AppUrlConfig.h */ = {isa = PBXFileReference; lastKnownFileType = sourcecode.c.h; path = "AppDelegate+AppUrlConfig.h"; sourceTree = "<group>"; };
		B337C9602143CDC600E854F3 /* AppDelegate+AppUrlConfig.m */ = {isa = PBXFileReference; lastKnownFileType = sourcecode.c.objc; path = "AppDelegate+AppUrlConfig.m"; sourceTree = "<group>"; };
		B337C9622143CEAF00E854F3 /* AppDelegate+AdapterForIOS11.h */ = {isa = PBXFileReference; lastKnownFileType = sourcecode.c.h; path = "AppDelegate+AdapterForIOS11.h"; sourceTree = "<group>"; };
		B337C9632143CEAF00E854F3 /* AppDelegate+AdapterForIOS11.m */ = {isa = PBXFileReference; lastKnownFileType = sourcecode.c.objc; path = "AppDelegate+AdapterForIOS11.m"; sourceTree = "<group>"; };
		B337C9682143CF4100E854F3 /* BMGlobalDefine.h */ = {isa = PBXFileReference; lastKnownFileType = sourcecode.c.h; path = BMGlobalDefine.h; sourceTree = "<group>"; };
		B352810C216700CE009CD6AC /* AppDelegate+AspectsHotfix.h */ = {isa = PBXFileReference; lastKnownFileType = sourcecode.c.h; path = "AppDelegate+AspectsHotfix.h"; sourceTree = "<group>"; };
		B352810D216700CE009CD6AC /* AppDelegate+AspectsHotfix.m */ = {isa = PBXFileReference; lastKnownFileType = sourcecode.c.objc; path = "AppDelegate+AspectsHotfix.m"; sourceTree = "<group>"; };
		B3528117216710CC009CD6AC /* LYFix.h */ = {isa = PBXFileReference; fileEncoding = 4; lastKnownFileType = sourcecode.c.h; path = LYFix.h; sourceTree = "<group>"; };
		B3528118216710CC009CD6AC /* LYFix.m */ = {isa = PBXFileReference; fileEncoding = 4; lastKnownFileType = sourcecode.c.objc; path = LYFix.m; sourceTree = "<group>"; };
		B352811E2167114B009CD6AC /* instanceMethodCrash.js */ = {isa = PBXFileReference; fileEncoding = 4; lastKnownFileType = sourcecode.javascript; path = instanceMethodCrash.js; sourceTree = "<group>"; };
		B352811F2167114B009CD6AC /* runInstanceMethod.js */ = {isa = PBXFileReference; fileEncoding = 4; lastKnownFileType = sourcecode.javascript; path = runInstanceMethod.js; sourceTree = "<group>"; };
		B35281202167114B009CD6AC /* runBeforeClassMethod.js */ = {isa = PBXFileReference; fileEncoding = 4; lastKnownFileType = sourcecode.javascript; path = runBeforeClassMethod.js; sourceTree = "<group>"; };
		B35281212167114B009CD6AC /* runClassMethod.js */ = {isa = PBXFileReference; fileEncoding = 4; lastKnownFileType = sourcecode.javascript; path = runClassMethod.js; sourceTree = "<group>"; };
		B35281222167114B009CD6AC /* runAfterInstanceMethod.js */ = {isa = PBXFileReference; fileEncoding = 4; lastKnownFileType = sourcecode.javascript; path = runAfterInstanceMethod.js; sourceTree = "<group>"; };
		B35281232167114B009CD6AC /* changeReturnValue.js */ = {isa = PBXFileReference; fileEncoding = 4; lastKnownFileType = sourcecode.javascript; path = changeReturnValue.js; sourceTree = "<group>"; };
		B35281242167114B009CD6AC /* runBeforeInstanceMethod.js */ = {isa = PBXFileReference; fileEncoding = 4; lastKnownFileType = sourcecode.javascript; path = runBeforeInstanceMethod.js; sourceTree = "<group>"; };
		B35281252167114B009CD6AC /* calssMethodCrash.js */ = {isa = PBXFileReference; fileEncoding = 4; lastKnownFileType = sourcecode.javascript; path = calssMethodCrash.js; sourceTree = "<group>"; };
		B35281262167114B009CD6AC /* changePrames.js */ = {isa = PBXFileReference; fileEncoding = 4; lastKnownFileType = sourcecode.javascript; path = changePrames.js; sourceTree = "<group>"; };
		B35281272167114B009CD6AC /* runInsteadInstanceMethod.js */ = {isa = PBXFileReference; fileEncoding = 4; lastKnownFileType = sourcecode.javascript; path = runInsteadInstanceMethod.js; sourceTree = "<group>"; };
		B35281282167114B009CD6AC /* runWithInstanceMethod.js */ = {isa = PBXFileReference; fileEncoding = 4; lastKnownFileType = sourcecode.javascript; path = runWithInstanceMethod.js; sourceTree = "<group>"; };
		B35281292167114B009CD6AC /* runInsteadClassMethod.js */ = {isa = PBXFileReference; fileEncoding = 4; lastKnownFileType = sourcecode.javascript; path = runInsteadClassMethod.js; sourceTree = "<group>"; };
		B352812A2167114B009CD6AC /* runWithParams.js */ = {isa = PBXFileReference; fileEncoding = 4; lastKnownFileType = sourcecode.javascript; path = runWithParams.js; sourceTree = "<group>"; };
		B352812B2167114B009CD6AC /* runAfterClassMethod.js */ = {isa = PBXFileReference; fileEncoding = 4; lastKnownFileType = sourcecode.javascript; path = runAfterClassMethod.js; sourceTree = "<group>"; };
		B352813A21671924009CD6AC /* NSInvocation+LYAddtion.h */ = {isa = PBXFileReference; fileEncoding = 4; lastKnownFileType = sourcecode.c.h; path = "NSInvocation+LYAddtion.h"; sourceTree = "<group>"; };
		B352813B21671924009CD6AC /* NSInvocation+LYAddtion.m */ = {isa = PBXFileReference; fileEncoding = 4; lastKnownFileType = sourcecode.c.objc; path = "NSInvocation+LYAddtion.m"; sourceTree = "<group>"; };
		B352814521673E9D009CD6AC /* BMDiscoverViewModel.h */ = {isa = PBXFileReference; lastKnownFileType = sourcecode.c.h; path = BMDiscoverViewModel.h; sourceTree = "<group>"; };
		B352814621673E9D009CD6AC /* BMDiscoverViewModel.m */ = {isa = PBXFileReference; lastKnownFileType = sourcecode.c.objc; path = BMDiscoverViewModel.m; sourceTree = "<group>"; };
		B352814821673EC9009CD6AC /* BMDiscoverViewController.h */ = {isa = PBXFileReference; lastKnownFileType = sourcecode.c.h; path = BMDiscoverViewController.h; sourceTree = "<group>"; };
		B352814921673EC9009CD6AC /* BMDiscoverViewController.m */ = {isa = PBXFileReference; lastKnownFileType = sourcecode.c.objc; path = BMDiscoverViewController.m; sourceTree = "<group>"; };
		B352814A21673EC9009CD6AC /* BMDiscoverViewController.xib */ = {isa = PBXFileReference; lastKnownFileType = file.xib; path = BMDiscoverViewController.xib; sourceTree = "<group>"; };
		B352814E21674688009CD6AC /* BMBaseViewController.h */ = {isa = PBXFileReference; lastKnownFileType = sourcecode.c.h; path = BMBaseViewController.h; sourceTree = "<group>"; };
		B352814F21674688009CD6AC /* BMBaseViewController.m */ = {isa = PBXFileReference; lastKnownFileType = sourcecode.c.objc; path = BMBaseViewController.m; sourceTree = "<group>"; };
		B352815121674E0F009CD6AC /* BMHookBaseControllerIntercepter.h */ = {isa = PBXFileReference; lastKnownFileType = sourcecode.c.h; path = BMHookBaseControllerIntercepter.h; sourceTree = "<group>"; };
		B352815221674E0F009CD6AC /* BMHookBaseControllerIntercepter.m */ = {isa = PBXFileReference; lastKnownFileType = sourcecode.c.objc; path = BMHookBaseControllerIntercepter.m; sourceTree = "<group>"; };
		B35281552167538A009CD6AC /* BMControllMVVMProtocol.h */ = {isa = PBXFileReference; lastKnownFileType = sourcecode.c.h; path = BMControllMVVMProtocol.h; sourceTree = "<group>"; };
		B352815621675844009CD6AC /* BMLoginAccountInputCell.h */ = {isa = PBXFileReference; lastKnownFileType = sourcecode.c.h; path = BMLoginAccountInputCell.h; sourceTree = "<group>"; };
		B352815721675844009CD6AC /* BMLoginAccountInputCell.m */ = {isa = PBXFileReference; lastKnownFileType = sourcecode.c.objc; path = BMLoginAccountInputCell.m; sourceTree = "<group>"; };
		B352815821675844009CD6AC /* BMLoginAccountInputCell.xib */ = {isa = PBXFileReference; lastKnownFileType = file.xib; path = BMLoginAccountInputCell.xib; sourceTree = "<group>"; };
		B352815B21675859009CD6AC /* BMKLoginPwdInputCell.h */ = {isa = PBXFileReference; lastKnownFileType = sourcecode.c.h; path = BMKLoginPwdInputCell.h; sourceTree = "<group>"; };
		B352815C21675859009CD6AC /* BMKLoginPwdInputCell.m */ = {isa = PBXFileReference; lastKnownFileType = sourcecode.c.objc; path = BMKLoginPwdInputCell.m; sourceTree = "<group>"; };
		B352815D21675859009CD6AC /* BMKLoginPwdInputCell.xib */ = {isa = PBXFileReference; lastKnownFileType = file.xib; path = BMKLoginPwdInputCell.xib; sourceTree = "<group>"; };
		B35281602167659A009CD6AC /* BMLoginInputFootView.h */ = {isa = PBXFileReference; lastKnownFileType = sourcecode.c.h; path = BMLoginInputFootView.h; sourceTree = "<group>"; };
		B35281612167659A009CD6AC /* BMLoginInputFootView.m */ = {isa = PBXFileReference; lastKnownFileType = sourcecode.c.objc; path = BMLoginInputFootView.m; sourceTree = "<group>"; };
		B3528163216765AE009CD6AC /* BMLoginButton.h */ = {isa = PBXFileReference; lastKnownFileType = sourcecode.c.h; path = BMLoginButton.h; sourceTree = "<group>"; };
		B3528164216765AE009CD6AC /* BMLoginButton.m */ = {isa = PBXFileReference; lastKnownFileType = sourcecode.c.objc; path = BMLoginButton.m; sourceTree = "<group>"; };
		B3528167216766E4009CD6AC /* UIColor+Tools.h */ = {isa = PBXFileReference; lastKnownFileType = sourcecode.c.h; path = "UIColor+Tools.h"; sourceTree = "<group>"; };
		B3528168216766E4009CD6AC /* UIColor+Tools.m */ = {isa = PBXFileReference; lastKnownFileType = sourcecode.c.objc; path = "UIColor+Tools.m"; sourceTree = "<group>"; };
		B352816A216767E0009CD6AC /* UIImage+Tools.h */ = {isa = PBXFileReference; lastKnownFileType = sourcecode.c.h; path = "UIImage+Tools.h"; sourceTree = "<group>"; };
		B352816B216767E0009CD6AC /* UIImage+Tools.m */ = {isa = PBXFileReference; lastKnownFileType = sourcecode.c.objc; path = "UIImage+Tools.m"; sourceTree = "<group>"; };
		B352816D2168A4F7009CD6AC /* BMFuncationDefine.h */ = {isa = PBXFileReference; lastKnownFileType = sourcecode.c.h; path = BMFuncationDefine.h; sourceTree = "<group>"; };
		B352816E2168A71D009CD6AC /* BMFuncationDefine.m */ = {isa = PBXFileReference; lastKnownFileType = sourcecode.c.objc; path = BMFuncationDefine.m; sourceTree = "<group>"; };
		B35281742168AB44009CD6AC /* BMAPIBaseRequest.h */ = {isa = PBXFileReference; lastKnownFileType = sourcecode.c.h; path = BMAPIBaseRequest.h; sourceTree = "<group>"; };
		B35281752168AB44009CD6AC /* BMAPIBaseRequest.m */ = {isa = PBXFileReference; lastKnownFileType = sourcecode.c.objc; path = BMAPIBaseRequest.m; sourceTree = "<group>"; };
		B35281772168AE46009CD6AC /* BMAPILoginRequest.h */ = {isa = PBXFileReference; lastKnownFileType = sourcecode.c.h; path = BMAPILoginRequest.h; sourceTree = "<group>"; };
		B35281782168AE46009CD6AC /* BMAPILoginRequest.m */ = {isa = PBXFileReference; lastKnownFileType = sourcecode.c.objc; path = BMAPILoginRequest.m; sourceTree = "<group>"; };
		B35A2E72215CC09800534779 /* BMRouterConstant.m */ = {isa = PBXFileReference; lastKnownFileType = sourcecode.c.objc; path = BMRouterConstant.m; sourceTree = "<group>"; };
		B35A2E74215CC0A800534779 /* BMRouterConstant.h */ = {isa = PBXFileReference; lastKnownFileType = sourcecode.c.h; path = BMRouterConstant.h; sourceTree = "<group>"; };
		B35A2E79215CCE3D00534779 /* PrefixHeader.h */ = {isa = PBXFileReference; lastKnownFileType = sourcecode.c.h; path = PrefixHeader.h; sourceTree = "<group>"; };
		B35A2E7A215CD49300534779 /* BMHomeViewModel.h */ = {isa = PBXFileReference; lastKnownFileType = sourcecode.c.h; path = BMHomeViewModel.h; sourceTree = "<group>"; };
		B35A2E7B215CD49300534779 /* BMHomeViewModel.m */ = {isa = PBXFileReference; lastKnownFileType = sourcecode.c.objc; path = BMHomeViewModel.m; sourceTree = "<group>"; };
		B35A2E80215CD4C100534779 /* BMHomeViewController.h */ = {isa = PBXFileReference; lastKnownFileType = sourcecode.c.h; path = BMHomeViewController.h; sourceTree = "<group>"; };
		B35A2E81215CD4C100534779 /* BMHomeViewController.m */ = {isa = PBXFileReference; lastKnownFileType = sourcecode.c.objc; path = BMHomeViewController.m; sourceTree = "<group>"; };
		B35A2E82215CD4C100534779 /* BMHomeViewController.xib */ = {isa = PBXFileReference; lastKnownFileType = file.xib; path = BMHomeViewController.xib; sourceTree = "<group>"; };
		B35A2E86215DBAB900534779 /* NSObject+NonBase.h */ = {isa = PBXFileReference; lastKnownFileType = sourcecode.c.h; path = "NSObject+NonBase.h"; sourceTree = "<group>"; };
		B35A2E87215DBAB900534779 /* NSObject+NonBase.m */ = {isa = PBXFileReference; lastKnownFileType = sourcecode.c.objc; path = "NSObject+NonBase.m"; sourceTree = "<group>"; };
		B35A2E89215DBC2F00534779 /* UIViewController+NonBase.h */ = {isa = PBXFileReference; lastKnownFileType = sourcecode.c.h; path = "UIViewController+NonBase.h"; sourceTree = "<group>"; };
		B35A2E8A215DBC2F00534779 /* UIViewController+NonBase.m */ = {isa = PBXFileReference; lastKnownFileType = sourcecode.c.objc; path = "UIViewController+NonBase.m"; sourceTree = "<group>"; };
		B3D76A062164B4FF0080CC74 /* AFNetworking.framework */ = {isa = PBXFileReference; explicitFileType = wrapper.framework; path = AFNetworking.framework; sourceTree = BUILT_PRODUCTS_DIR; };
		B3D76A082164B5090080CC74 /* Pods_BaseMVVM_RAC_Router.framework */ = {isa = PBXFileReference; explicitFileType = wrapper.framework; path = Pods_BaseMVVM_RAC_Router.framework; sourceTree = BUILT_PRODUCTS_DIR; };
		B3D76A0A2164B52A0080CC74 /* AFNetworking.framework */ = {isa = PBXFileReference; explicitFileType = wrapper.framework; path = AFNetworking.framework; sourceTree = BUILT_PRODUCTS_DIR; };
		B3D76A0C2164B5530080CC74 /* YTKNetwork.framework */ = {isa = PBXFileReference; explicitFileType = wrapper.framework; path = YTKNetwork.framework; sourceTree = BUILT_PRODUCTS_DIR; };
		B3D76A0E2164B55A0080CC74 /* ReactiveObjC.framework */ = {isa = PBXFileReference; explicitFileType = wrapper.framework; path = ReactiveObjC.framework; sourceTree = BUILT_PRODUCTS_DIR; };
		B3D76A102164B5910080CC74 /* Pods_BaseMVVM_RAC_Router.framework */ = {isa = PBXFileReference; explicitFileType = wrapper.framework; path = Pods_BaseMVVM_RAC_Router.framework; sourceTree = BUILT_PRODUCTS_DIR; };
		B3D76A122164B5DC0080CC74 /* AFNetworking.framework */ = {isa = PBXFileReference; explicitFileType = wrapper.framework; path = AFNetworking.framework; sourceTree = BUILT_PRODUCTS_DIR; };
		B3D76A142164B9A70080CC74 /* Pods_BaseMVVM_RAC_Router.framework */ = {isa = PBXFileReference; explicitFileType = wrapper.framework; path = Pods_BaseMVVM_RAC_Router.framework; sourceTree = BUILT_PRODUCTS_DIR; };
		E061B8EBE6A74E505838B10C /* Pods-BaseMVVM-RAC-Router.debug.xcconfig */ = {isa = PBXFileReference; includeInIndex = 1; lastKnownFileType = text.xcconfig; name = "Pods-BaseMVVM-RAC-Router.debug.xcconfig"; path = "Pods/Target Support Files/Pods-BaseMVVM-RAC-Router/Pods-BaseMVVM-RAC-Router.debug.xcconfig"; sourceTree = "<group>"; };
		E90C9BF2E2401C2369645AB0 /* Pods_BaseMVVM_RAC_Router.framework */ = {isa = PBXFileReference; explicitFileType = wrapper.framework; includeInIndex = 0; path = Pods_BaseMVVM_RAC_Router.framework; sourceTree = BUILT_PRODUCTS_DIR; };
/* End PBXFileReference section */

/* Begin PBXFrameworksBuildPhase section */
		B337C91E2143BCFB00E854F3 /* Frameworks */ = {
			isa = PBXFrameworksBuildPhase;
			buildActionMask = 2147483647;
			files = (
				B3D76A152164B9A70080CC74 /* Pods_BaseMVVM_RAC_Router.framework in Frameworks */,
			);
			runOnlyForDeploymentPostprocessing = 0;
		};
/* End PBXFrameworksBuildPhase section */

/* Begin PBXGroup section */
		7A07ED6135AD966A87391E48 /* Pods */ = {
			isa = PBXGroup;
			children = (
				E061B8EBE6A74E505838B10C /* Pods-BaseMVVM-RAC-Router.debug.xcconfig */,
				8293D4D4B2A13C4DD2BE7FDE /* Pods-BaseMVVM-RAC-Router.release.xcconfig */,
			);
			name = Pods;
			sourceTree = "<group>";
		};
		A8386CAE9C7AB971D57C9C32 /* Frameworks */ = {
			isa = PBXGroup;
			children = (
				B3D76A142164B9A70080CC74 /* Pods_BaseMVVM_RAC_Router.framework */,
				B3D76A122164B5DC0080CC74 /* AFNetworking.framework */,
				B3D76A102164B5910080CC74 /* Pods_BaseMVVM_RAC_Router.framework */,
				B3D76A0E2164B55A0080CC74 /* ReactiveObjC.framework */,
				B3D76A0C2164B5530080CC74 /* YTKNetwork.framework */,
				B3D76A0A2164B52A0080CC74 /* AFNetworking.framework */,
				B3D76A082164B5090080CC74 /* Pods_BaseMVVM_RAC_Router.framework */,
				B3D76A062164B4FF0080CC74 /* AFNetworking.framework */,
				E90C9BF2E2401C2369645AB0 /* Pods_BaseMVVM_RAC_Router.framework */,
			);
			name = Frameworks;
			sourceTree = "<group>";
		};
		B337C9182143BCFB00E854F3 = {
			isa = PBXGroup;
			children = (
				B337C9232143BCFB00E854F3 /* BaseMVVM-RAC-Router */,
				B337C9222143BCFB00E854F3 /* Products */,
				7A07ED6135AD966A87391E48 /* Pods */,
				A8386CAE9C7AB971D57C9C32 /* Frameworks */,
			);
			sourceTree = "<group>";
		};
		B337C9222143BCFB00E854F3 /* Products */ = {
			isa = PBXGroup;
			children = (
				B337C9212143BCFB00E854F3 /* BaseMVVM-RAC-Router.app */,
			);
			name = Products;
			sourceTree = "<group>";
		};
		B337C9232143BCFB00E854F3 /* BaseMVVM-RAC-Router */ = {
			isa = PBXGroup;
			children = (
				B352814D21674658009CD6AC /* BaseModule */,
				B337C9492143C9E100E854F3 /* Home */,
				B352813D21673E41009CD6AC /* Discover */,
				B337C9522143CC3E00E854F3 /* Me */,
				B337C9412143C18B00E854F3 /* TabbarController */,
				B337C9402143C13D00E854F3 /* AppDelegate */,
				B35281102167033D009CD6AC /* HotFix */,
				B337C9272143BCFB00E854F3 /* ViewController.h */,
				B337C9282143BCFB00E854F3 /* ViewController.m */,
				B3528166216766D0009CD6AC /* Utils */,
				B337C96C2143D54C00E854F3 /* Router */,
				B337C9652143CEE500E854F3 /* Constant */,
				B337C92D2143BCFC00E854F3 /* Assets.xcassets */,
				B337C92A2143BCFB00E854F3 /* Main.storyboard */,
				B337C92F2143BCFC00E854F3 /* LaunchScreen.storyboard */,
				B337C9322143BCFC00E854F3 /* Info.plist */,
				B337C9332143BCFC00E854F3 /* main.m */,
			);
			path = "BaseMVVM-RAC-Router";
			sourceTree = "<group>";
		};
		B337C9402143C13D00E854F3 /* AppDelegate */ = {
			isa = PBXGroup;
			children = (
				B337C9242143BCFB00E854F3 /* AppDelegate.h */,
				B337C9252143BCFB00E854F3 /* AppDelegate.m */,
				B337C9622143CEAF00E854F3 /* AppDelegate+AdapterForIOS11.h */,
				B337C9632143CEAF00E854F3 /* AppDelegate+AdapterForIOS11.m */,
				B337C95F2143CDC600E854F3 /* AppDelegate+AppUrlConfig.h */,
				B337C9602143CDC600E854F3 /* AppDelegate+AppUrlConfig.m */,
				B332EDD82164A8B9009AD9AB /* AppDelegate+RegisRouter.h */,
				B332EDD92164A8B9009AD9AB /* AppDelegate+RegisRouter.m */,
			);
			path = AppDelegate;
			sourceTree = "<group>";
		};
		B337C9412143C18B00E854F3 /* TabbarController */ = {
			isa = PBXGroup;
			children = (
				B337C9422143C1D800E854F3 /* BMTabbarController.h */,
				B337C9432143C1D800E854F3 /* BMTabbarController.m */,
			);
			path = TabbarController;
			sourceTree = "<group>";
		};
		B337C9492143C9E100E854F3 /* Home */ = {
			isa = PBXGroup;
			children = (
				B337C9512143CC1400E854F3 /* Controller */,
				B337C94F2143CC1400E854F3 /* ViewModel */,
				B337C9502143CC1400E854F3 /* View */,
				B337C94E2143CC1400E854F3 /* Model */,
			);
			path = Home;
			sourceTree = "<group>";
		};
		B337C94E2143CC1400E854F3 /* Model */ = {
			isa = PBXGroup;
			children = (
			);
			path = Model;
			sourceTree = "<group>";
		};
		B337C94F2143CC1400E854F3 /* ViewModel */ = {
			isa = PBXGroup;
			children = (
				B35A2E7A215CD49300534779 /* BMHomeViewModel.h */,
				B35A2E7B215CD49300534779 /* BMHomeViewModel.m */,
			);
			path = ViewModel;
			sourceTree = "<group>";
		};
		B337C9502143CC1400E854F3 /* View */ = {
			isa = PBXGroup;
			children = (
			);
			path = View;
			sourceTree = "<group>";
		};
		B337C9512143CC1400E854F3 /* Controller */ = {
			isa = PBXGroup;
			children = (
				B35A2E80215CD4C100534779 /* BMHomeViewController.h */,
				B35A2E81215CD4C100534779 /* BMHomeViewController.m */,
				B35A2E82215CD4C100534779 /* BMHomeViewController.xib */,
			);
			path = Controller;
			sourceTree = "<group>";
		};
		B337C9522143CC3E00E854F3 /* Me */ = {
			isa = PBXGroup;
			children = (
				B35281702168AA07009CD6AC /* APIRequest */,
				B337C9542143CC3E00E854F3 /* Controller */,
				B337C9532143CC3E00E854F3 /* ViewModel */,
				B337C9562143CC3E00E854F3 /* View */,
				B337C9552143CC3E00E854F3 /* Model */,
			);
			path = Me;
			sourceTree = "<group>";
		};
		B337C9532143CC3E00E854F3 /* ViewModel */ = {
			isa = PBXGroup;
			children = (
				B337C95C2143CC8A00E854F3 /* BMLoginViewModel.h */,
				B337C95D2143CC8A00E854F3 /* BMLoginViewModel.m */,
			);
			path = ViewModel;
			sourceTree = "<group>";
		};
		B337C9542143CC3E00E854F3 /* Controller */ = {
			isa = PBXGroup;
			children = (
				B337C9572143CC5800E854F3 /* BMLoginViewController.h */,
				B337C9582143CC5800E854F3 /* BMLoginViewController.m */,
				B337C9592143CC5800E854F3 /* BMLoginViewController.xib */,
			);
			path = Controller;
			sourceTree = "<group>";
		};
		B337C9552143CC3E00E854F3 /* Model */ = {
			isa = PBXGroup;
			children = (
			);
			path = Model;
			sourceTree = "<group>";
		};
		B337C9562143CC3E00E854F3 /* View */ = {
			isa = PBXGroup;
			children = (
				B352815621675844009CD6AC /* BMLoginAccountInputCell.h */,
				B352815721675844009CD6AC /* BMLoginAccountInputCell.m */,
				B352815821675844009CD6AC /* BMLoginAccountInputCell.xib */,
				B352815B21675859009CD6AC /* BMKLoginPwdInputCell.h */,
				B352815C21675859009CD6AC /* BMKLoginPwdInputCell.m */,
				B352815D21675859009CD6AC /* BMKLoginPwdInputCell.xib */,
				B35281602167659A009CD6AC /* BMLoginInputFootView.h */,
				B35281612167659A009CD6AC /* BMLoginInputFootView.m */,
				B3528163216765AE009CD6AC /* BMLoginButton.h */,
				B3528164216765AE009CD6AC /* BMLoginButton.m */,
			);
			path = View;
			sourceTree = "<group>";
		};
		B337C9652143CEE500E854F3 /* Constant */ = {
			isa = PBXGroup;
			children = (
				B337C9682143CF4100E854F3 /* BMGlobalDefine.h */,
				B35A2E79215CCE3D00534779 /* PrefixHeader.h */,
				B352816D2168A4F7009CD6AC /* BMFuncationDefine.h */,
				B352816E2168A71D009CD6AC /* BMFuncationDefine.m */,
			);
			path = Constant;
			sourceTree = "<group>";
		};
		B337C96C2143D54C00E854F3 /* Router */ = {
			isa = PBXGroup;
			children = (
				B35A2E74215CC0A800534779 /* BMRouterConstant.h */,
				B35A2E72215CC09800534779 /* BMRouterConstant.m */,
				B332EDDB2164A9FB009AD9AB /* JLRoutes+GenerateURLSupport.h */,
				B332EDDC2164A9FB009AD9AB /* JLRoutes+GenerateURLSupport.m */,
			);
			path = Router;
			sourceTree = "<group>";
		};
		B35281102167033D009CD6AC /* HotFix */ = {
			isa = PBXGroup;
			children = (
				B352811D2167114B009CD6AC /* FixJSDemo */,
				B3528117216710CC009CD6AC /* LYFix.h */,
				B3528118216710CC009CD6AC /* LYFix.m */,
				B352813A21671924009CD6AC /* NSInvocation+LYAddtion.h */,
				B352813B21671924009CD6AC /* NSInvocation+LYAddtion.m */,
				B352810C216700CE009CD6AC /* AppDelegate+AspectsHotfix.h */,
				B352810D216700CE009CD6AC /* AppDelegate+AspectsHotfix.m */,
			);
			name = HotFix;
			path = "BaseMVVM-RAC-Router/HotFix";
			sourceTree = SOURCE_ROOT;
		};
		B352811D2167114B009CD6AC /* FixJSDemo */ = {
			isa = PBXGroup;
			children = (
				B352811E2167114B009CD6AC /* instanceMethodCrash.js */,
				B352811F2167114B009CD6AC /* runInstanceMethod.js */,
				B35281202167114B009CD6AC /* runBeforeClassMethod.js */,
				B35281212167114B009CD6AC /* runClassMethod.js */,
				B35281222167114B009CD6AC /* runAfterInstanceMethod.js */,
				B35281232167114B009CD6AC /* changeReturnValue.js */,
				B35281242167114B009CD6AC /* runBeforeInstanceMethod.js */,
				B35281252167114B009CD6AC /* calssMethodCrash.js */,
				B35281262167114B009CD6AC /* changePrames.js */,
				B35281272167114B009CD6AC /* runInsteadInstanceMethod.js */,
				B35281282167114B009CD6AC /* runWithInstanceMethod.js */,
				B35281292167114B009CD6AC /* runInsteadClassMethod.js */,
				B352812A2167114B009CD6AC /* runWithParams.js */,
				B352812B2167114B009CD6AC /* runAfterClassMethod.js */,
			);
			path = FixJSDemo;
			sourceTree = "<group>";
		};
		B352813D21673E41009CD6AC /* Discover */ = {
			isa = PBXGroup;
			children = (
				B352813E21673E6A009CD6AC /* Controller */,
				B352813F21673E6A009CD6AC /* ViewModel */,
				B352814121673E6A009CD6AC /* View */,
				B352814021673E6A009CD6AC /* Model */,
			);
			path = Discover;
			sourceTree = "<group>";
		};
		B352813E21673E6A009CD6AC /* Controller */ = {
			isa = PBXGroup;
			children = (
				B352814821673EC9009CD6AC /* BMDiscoverViewController.h */,
				B352814921673EC9009CD6AC /* BMDiscoverViewController.m */,
				B352814A21673EC9009CD6AC /* BMDiscoverViewController.xib */,
			);
			path = Controller;
			sourceTree = "<group>";
		};
		B352813F21673E6A009CD6AC /* ViewModel */ = {
			isa = PBXGroup;
			children = (
				B352814521673E9D009CD6AC /* BMDiscoverViewModel.h */,
				B352814621673E9D009CD6AC /* BMDiscoverViewModel.m */,
			);
			path = ViewModel;
			sourceTree = "<group>";
		};
		B352814021673E6A009CD6AC /* Model */ = {
			isa = PBXGroup;
			children = (
			);
			path = Model;
			sourceTree = "<group>";
		};
		B352814121673E6A009CD6AC /* View */ = {
			isa = PBXGroup;
			children = (
			);
			path = View;
			sourceTree = "<group>";
		};
		B352814D21674658009CD6AC /* BaseModule */ = {
			isa = PBXGroup;
			children = (
				B352814E21674688009CD6AC /* BMBaseViewController.h */,
				B352814F21674688009CD6AC /* BMBaseViewController.m */,
				B352815121674E0F009CD6AC /* BMHookBaseControllerIntercepter.h */,
				B352815221674E0F009CD6AC /* BMHookBaseControllerIntercepter.m */,
				B35281552167538A009CD6AC /* BMControllMVVMProtocol.h */,
			);
			path = BaseModule;
			sourceTree = "<group>";
		};
		B3528166216766D0009CD6AC /* Utils */ = {
			isa = PBXGroup;
			children = (
				B35A2E86215DBAB900534779 /* NSObject+NonBase.h */,
				B35A2E87215DBAB900534779 /* NSObject+NonBase.m */,
				B3528167216766E4009CD6AC /* UIColor+Tools.h */,
				B3528168216766E4009CD6AC /* UIColor+Tools.m */,
				B352816A216767E0009CD6AC /* UIImage+Tools.h */,
				B352816B216767E0009CD6AC /* UIImage+Tools.m */,
				B35A2E89215DBC2F00534779 /* UIViewController+NonBase.h */,
				B35A2E8A215DBC2F00534779 /* UIViewController+NonBase.m */,
			);
			path = Utils;
			sourceTree = "<group>";
		};
		B35281702168AA07009CD6AC /* APIRequest */ = {
			isa = PBXGroup;
			children = (
				B35281742168AB44009CD6AC /* BMAPIBaseRequest.h */,
				B35281752168AB44009CD6AC /* BMAPIBaseRequest.m */,
				B35281772168AE46009CD6AC /* BMAPILoginRequest.h */,
				B35281782168AE46009CD6AC /* BMAPILoginRequest.m */,
			);
			path = APIRequest;
			sourceTree = "<group>";
		};
/* End PBXGroup section */

/* Begin PBXNativeTarget section */
		B337C9202143BCFB00E854F3 /* BaseMVVM-RAC-Router */ = {
			isa = PBXNativeTarget;
			buildConfigurationList = B337C9372143BCFC00E854F3 /* Build configuration list for PBXNativeTarget "BaseMVVM-RAC-Router" */;
			buildPhases = (
				52765D0531360C4E5A5D0314 /* [CP] Check Pods Manifest.lock */,
				B337C91D2143BCFB00E854F3 /* Sources */,
				B337C91E2143BCFB00E854F3 /* Frameworks */,
				B337C91F2143BCFB00E854F3 /* Resources */,
				BFF6C72A5AB4B884CFAEE382 /* [CP] Embed Pods Frameworks */,
			);
			buildRules = (
			);
			dependencies = (
			);
			name = "BaseMVVM-RAC-Router";
			productName = "BaseMVVM-RAC-Router";
			productReference = B337C9212143BCFB00E854F3 /* BaseMVVM-RAC-Router.app */;
			productType = "com.apple.product-type.application";
		};
/* End PBXNativeTarget section */

/* Begin PBXProject section */
		B337C9192143BCFB00E854F3 /* Project object */ = {
			isa = PBXProject;
			attributes = {
				LastUpgradeCheck = 0940;
				ORGANIZATIONNAME = leios;
				TargetAttributes = {
					B337C9202143BCFB00E854F3 = {
						CreatedOnToolsVersion = 9.4.1;
						ProvisioningStyle = Automatic;
					};
				};
			};
			buildConfigurationList = B337C91C2143BCFB00E854F3 /* Build configuration list for PBXProject "BaseMVVM-RAC-Router" */;
			compatibilityVersion = "Xcode 8.0";
			developmentRegion = en;
			hasScannedForEncodings = 0;
			knownRegions = (
				en,
				Base,
			);
			mainGroup = B337C9182143BCFB00E854F3;
			productRefGroup = B337C9222143BCFB00E854F3 /* Products */;
			projectDirPath = "";
			projectRoot = "";
			targets = (
				B337C9202143BCFB00E854F3 /* BaseMVVM-RAC-Router */,
			);
		};
/* End PBXProject section */

/* Begin PBXResourcesBuildPhase section */
		B337C91F2143BCFB00E854F3 /* Resources */ = {
			isa = PBXResourcesBuildPhase;
			buildActionMask = 2147483647;
			files = (
				B35281372167114B009CD6AC /* runInsteadClassMethod.js in Resources */,
				B337C9312143BCFC00E854F3 /* LaunchScreen.storyboard in Resources */,
				B352812E2167114B009CD6AC /* runBeforeClassMethod.js in Resources */,
				B35A2E84215CD4C100534779 /* BMHomeViewController.xib in Resources */,
				B35281322167114B009CD6AC /* runBeforeInstanceMethod.js in Resources */,
				B35281342167114B009CD6AC /* changePrames.js in Resources */,
				B35281382167114B009CD6AC /* runWithParams.js in Resources */,
				B35281302167114B009CD6AC /* runAfterInstanceMethod.js in Resources */,
				B352812C2167114B009CD6AC /* instanceMethodCrash.js in Resources */,
				B337C95B2143CC5800E854F3 /* BMLoginViewController.xib in Resources */,
				B352814C21673EC9009CD6AC /* BMDiscoverViewController.xib in Resources */,
				B337C92E2143BCFC00E854F3 /* Assets.xcassets in Resources */,
				B352812F2167114B009CD6AC /* runClassMethod.js in Resources */,
				B352815A21675844009CD6AC /* BMLoginAccountInputCell.xib in Resources */,
				B35281362167114B009CD6AC /* runWithInstanceMethod.js in Resources */,
				B35281352167114B009CD6AC /* runInsteadInstanceMethod.js in Resources */,
				B337C92C2143BCFB00E854F3 /* Main.storyboard in Resources */,
				B35281392167114B009CD6AC /* runAfterClassMethod.js in Resources */,
				B35281332167114B009CD6AC /* calssMethodCrash.js in Resources */,
				B35281312167114B009CD6AC /* changeReturnValue.js in Resources */,
				B352812D2167114B009CD6AC /* runInstanceMethod.js in Resources */,
				B352815F21675859009CD6AC /* BMKLoginPwdInputCell.xib in Resources */,
			);
			runOnlyForDeploymentPostprocessing = 0;
		};
/* End PBXResourcesBuildPhase section */

/* Begin PBXShellScriptBuildPhase section */
		52765D0531360C4E5A5D0314 /* [CP] Check Pods Manifest.lock */ = {
			isa = PBXShellScriptBuildPhase;
			buildActionMask = 2147483647;
			files = (
			);
			inputPaths = (
				"${PODS_PODFILE_DIR_PATH}/Podfile.lock",
				"${PODS_ROOT}/Manifest.lock",
			);
			name = "[CP] Check Pods Manifest.lock";
			outputPaths = (
				"$(DERIVED_FILE_DIR)/Pods-BaseMVVM-RAC-Router-checkManifestLockResult.txt",
			);
			runOnlyForDeploymentPostprocessing = 0;
			shellPath = /bin/sh;
			shellScript = "diff \"${PODS_PODFILE_DIR_PATH}/Podfile.lock\" \"${PODS_ROOT}/Manifest.lock\" > /dev/null\nif [ $? != 0 ] ; then\n    # print error to STDERR\n    echo \"error: The sandbox is not in sync with the Podfile.lock. Run 'pod install' or update your CocoaPods installation.\" >&2\n    exit 1\nfi\n# This output is used by Xcode 'outputs' to avoid re-running this script phase.\necho \"SUCCESS\" > \"${SCRIPT_OUTPUT_FILE_0}\"\n";
			showEnvVarsInLog = 0;
		};
		BFF6C72A5AB4B884CFAEE382 /* [CP] Embed Pods Frameworks */ = {
			isa = PBXShellScriptBuildPhase;
			buildActionMask = 2147483647;
			files = (
			);
			inputFileListPaths = (
			);
			inputPaths = (
				"${SRCROOT}/Pods/Target Support Files/Pods-BaseMVVM-RAC-Router/Pods-BaseMVVM-RAC-Router-frameworks.sh",
				"${BUILT_PRODUCTS_DIR}/AFNetworking/AFNetworking.framework",
				"${BUILT_PRODUCTS_DIR}/Aspects/Aspects.framework",
				"${BUILT_PRODUCTS_DIR}/JLRoutes/JLRoutes.framework",
				"${BUILT_PRODUCTS_DIR}/Masonry/Masonry.framework",
				"${BUILT_PRODUCTS_DIR}/ReactiveObjC/ReactiveObjC.framework",
				"${BUILT_PRODUCTS_DIR}/SVProgressHUD/SVProgressHUD.framework",
				"${BUILT_PRODUCTS_DIR}/YTKNetwork/YTKNetwork.framework",
			);
			name = "[CP] Embed Pods Frameworks";
			outputFileListPaths = (
			);
			outputPaths = (
				"${TARGET_BUILD_DIR}/${FRAMEWORKS_FOLDER_PATH}/AFNetworking.framework",
				"${TARGET_BUILD_DIR}/${FRAMEWORKS_FOLDER_PATH}/Aspects.framework",
				"${TARGET_BUILD_DIR}/${FRAMEWORKS_FOLDER_PATH}/JLRoutes.framework",
				"${TARGET_BUILD_DIR}/${FRAMEWORKS_FOLDER_PATH}/Masonry.framework",
				"${TARGET_BUILD_DIR}/${FRAMEWORKS_FOLDER_PATH}/ReactiveObjC.framework",
				"${TARGET_BUILD_DIR}/${FRAMEWORKS_FOLDER_PATH}/SVProgressHUD.framework",
				"${TARGET_BUILD_DIR}/${FRAMEWORKS_FOLDER_PATH}/YTKNetwork.framework",
			);
			runOnlyForDeploymentPostprocessing = 0;
			shellPath = /bin/sh;
			shellScript = "\"${SRCROOT}/Pods/Target Support Files/Pods-BaseMVVM-RAC-Router/Pods-BaseMVVM-RAC-Router-frameworks.sh\"\n";
			showEnvVarsInLog = 0;
		};
/* End PBXShellScriptBuildPhase section */

/* Begin PBXSourcesBuildPhase section */
		B337C91D2143BCFB00E854F3 /* Sources */ = {
			isa = PBXSourcesBuildPhase;
			buildActionMask = 2147483647;
			files = (
				B3528165216765AE009CD6AC /* BMLoginButton.m in Sources */,
				B35281792168AE46009CD6AC /* BMAPILoginRequest.m in Sources */,
				B337C9292143BCFB00E854F3 /* ViewController.m in Sources */,
				B337C9342143BCFC00E854F3 /* main.m in Sources */,
				B352816F2168A71D009CD6AC /* BMFuncationDefine.m in Sources */,
				B3528119216710CC009CD6AC /* LYFix.m in Sources */,
				B352815921675844009CD6AC /* BMLoginAccountInputCell.m in Sources */,
				B352810E216700CE009CD6AC /* AppDelegate+AspectsHotfix.m in Sources */,
				B35A2E83215CD4C100534779 /* BMHomeViewController.m in Sources */,
				B352815021674688009CD6AC /* BMBaseViewController.m in Sources */,
				B35281762168AB44009CD6AC /* BMAPIBaseRequest.m in Sources */,
				B35A2E8B215DBC2F00534779 /* UIViewController+NonBase.m in Sources */,
				B35A2E88215DBAB900534779 /* NSObject+NonBase.m in Sources */,
				B332EDDD2164A9FB009AD9AB /* JLRoutes+GenerateURLSupport.m in Sources */,
				B352816C216767E0009CD6AC /* UIImage+Tools.m in Sources */,
				B337C9262143BCFB00E854F3 /* AppDelegate.m in Sources */,
				B337C9442143C1D800E854F3 /* BMTabbarController.m in Sources */,
				B352814721673E9D009CD6AC /* BMDiscoverViewModel.m in Sources */,
				B3528169216766E4009CD6AC /* UIColor+Tools.m in Sources */,
				B352815321674E0F009CD6AC /* BMHookBaseControllerIntercepter.m in Sources */,
				B35A2E73215CC09800534779 /* BMRouterConstant.m in Sources */,
				B352813C21671924009CD6AC /* NSInvocation+LYAddtion.m in Sources */,
				B332EDDA2164A8B9009AD9AB /* AppDelegate+RegisRouter.m in Sources */,
				B35281622167659A009CD6AC /* BMLoginInputFootView.m in Sources */,
				B352814B21673EC9009CD6AC /* BMDiscoverViewController.m in Sources */,
				B337C95E2143CC8A00E854F3 /* BMLoginViewModel.m in Sources */,
				B337C9612143CDC600E854F3 /* AppDelegate+AppUrlConfig.m in Sources */,
				B337C9642143CEAF00E854F3 /* AppDelegate+AdapterForIOS11.m in Sources */,
				B352815E21675859009CD6AC /* BMKLoginPwdInputCell.m in Sources */,
				B35A2E7C215CD49300534779 /* BMHomeViewModel.m in Sources */,
				B337C95A2143CC5800E854F3 /* BMLoginViewController.m in Sources */,
			);
			runOnlyForDeploymentPostprocessing = 0;
		};
/* End PBXSourcesBuildPhase section */

/* Begin PBXVariantGroup section */
		B337C92A2143BCFB00E854F3 /* Main.storyboard */ = {
			isa = PBXVariantGroup;
			children = (
				B337C92B2143BCFB00E854F3 /* Base */,
			);
			name = Main.storyboard;
			sourceTree = "<group>";
		};
		B337C92F2143BCFC00E854F3 /* LaunchScreen.storyboard */ = {
			isa = PBXVariantGroup;
			children = (
				B337C9302143BCFC00E854F3 /* Base */,
			);
			name = LaunchScreen.storyboard;
			sourceTree = "<group>";
		};
/* End PBXVariantGroup section */

/* Begin XCBuildConfiguration section */
		B337C9352143BCFC00E854F3 /* Debug */ = {
			isa = XCBuildConfiguration;
			buildSettings = {
				ALWAYS_SEARCH_USER_PATHS = NO;
				CLANG_ANALYZER_NONNULL = YES;
				CLANG_ANALYZER_NUMBER_OBJECT_CONVERSION = YES_AGGRESSIVE;
				CLANG_CXX_LANGUAGE_STANDARD = "gnu++14";
				CLANG_CXX_LIBRARY = "libc++";
				CLANG_ENABLE_MODULES = YES;
				CLANG_ENABLE_OBJC_ARC = YES;
				CLANG_ENABLE_OBJC_WEAK = YES;
				CLANG_WARN_BLOCK_CAPTURE_AUTORELEASING = YES;
				CLANG_WARN_BOOL_CONVERSION = YES;
				CLANG_WARN_COMMA = YES;
				CLANG_WARN_CONSTANT_CONVERSION = YES;
				CLANG_WARN_DEPRECATED_OBJC_IMPLEMENTATIONS = YES;
				CLANG_WARN_DIRECT_OBJC_ISA_USAGE = YES_ERROR;
				CLANG_WARN_DOCUMENTATION_COMMENTS = YES;
				CLANG_WARN_EMPTY_BODY = YES;
				CLANG_WARN_ENUM_CONVERSION = YES;
				CLANG_WARN_INFINITE_RECURSION = YES;
				CLANG_WARN_INT_CONVERSION = YES;
				CLANG_WARN_NON_LITERAL_NULL_CONVERSION = YES;
				CLANG_WARN_OBJC_IMPLICIT_RETAIN_SELF = YES;
				CLANG_WARN_OBJC_LITERAL_CONVERSION = YES;
				CLANG_WARN_OBJC_ROOT_CLASS = YES_ERROR;
				CLANG_WARN_RANGE_LOOP_ANALYSIS = YES;
				CLANG_WARN_STRICT_PROTOTYPES = YES;
				CLANG_WARN_SUSPICIOUS_MOVE = YES;
				CLANG_WARN_UNGUARDED_AVAILABILITY = YES_AGGRESSIVE;
				CLANG_WARN_UNREACHABLE_CODE = YES;
				CLANG_WARN__DUPLICATE_METHOD_MATCH = YES;
				CODE_SIGN_IDENTITY = "iPhone Developer";
				COPY_PHASE_STRIP = NO;
				DEBUG_INFORMATION_FORMAT = dwarf;
				ENABLE_STRICT_OBJC_MSGSEND = YES;
				ENABLE_TESTABILITY = YES;
				GCC_C_LANGUAGE_STANDARD = gnu11;
				GCC_DYNAMIC_NO_PIC = NO;
				GCC_NO_COMMON_BLOCKS = YES;
				GCC_OPTIMIZATION_LEVEL = 0;
				GCC_PREPROCESSOR_DEFINITIONS = (
					"DEBUG=1",
					"$(inherited)",
				);
				GCC_WARN_64_TO_32_BIT_CONVERSION = YES;
				GCC_WARN_ABOUT_RETURN_TYPE = YES_ERROR;
				GCC_WARN_UNDECLARED_SELECTOR = YES;
				GCC_WARN_UNINITIALIZED_AUTOS = YES_AGGRESSIVE;
				GCC_WARN_UNUSED_FUNCTION = YES;
				GCC_WARN_UNUSED_VARIABLE = YES;
				IPHONEOS_DEPLOYMENT_TARGET = 11.4;
				MTL_ENABLE_DEBUG_INFO = YES;
				ONLY_ACTIVE_ARCH = YES;
				SDKROOT = iphoneos;
				WARNING_CFLAGS = "";
			};
			name = Debug;
		};
		B337C9362143BCFC00E854F3 /* Release */ = {
			isa = XCBuildConfiguration;
			buildSettings = {
				ALWAYS_SEARCH_USER_PATHS = NO;
				CLANG_ANALYZER_NONNULL = YES;
				CLANG_ANALYZER_NUMBER_OBJECT_CONVERSION = YES_AGGRESSIVE;
				CLANG_CXX_LANGUAGE_STANDARD = "gnu++14";
				CLANG_CXX_LIBRARY = "libc++";
				CLANG_ENABLE_MODULES = YES;
				CLANG_ENABLE_OBJC_ARC = YES;
				CLANG_ENABLE_OBJC_WEAK = YES;
				CLANG_WARN_BLOCK_CAPTURE_AUTORELEASING = YES;
				CLANG_WARN_BOOL_CONVERSION = YES;
				CLANG_WARN_COMMA = YES;
				CLANG_WARN_CONSTANT_CONVERSION = YES;
				CLANG_WARN_DEPRECATED_OBJC_IMPLEMENTATIONS = YES;
				CLANG_WARN_DIRECT_OBJC_ISA_USAGE = YES_ERROR;
				CLANG_WARN_DOCUMENTATION_COMMENTS = YES;
				CLANG_WARN_EMPTY_BODY = YES;
				CLANG_WARN_ENUM_CONVERSION = YES;
				CLANG_WARN_INFINITE_RECURSION = YES;
				CLANG_WARN_INT_CONVERSION = YES;
				CLANG_WARN_NON_LITERAL_NULL_CONVERSION = YES;
				CLANG_WARN_OBJC_IMPLICIT_RETAIN_SELF = YES;
				CLANG_WARN_OBJC_LITERAL_CONVERSION = YES;
				CLANG_WARN_OBJC_ROOT_CLASS = YES_ERROR;
				CLANG_WARN_RANGE_LOOP_ANALYSIS = YES;
				CLANG_WARN_STRICT_PROTOTYPES = YES;
				CLANG_WARN_SUSPICIOUS_MOVE = YES;
				CLANG_WARN_UNGUARDED_AVAILABILITY = YES_AGGRESSIVE;
				CLANG_WARN_UNREACHABLE_CODE = YES;
				CLANG_WARN__DUPLICATE_METHOD_MATCH = YES;
				CODE_SIGN_IDENTITY = "iPhone Developer";
				COPY_PHASE_STRIP = NO;
				DEBUG_INFORMATION_FORMAT = "dwarf-with-dsym";
				ENABLE_NS_ASSERTIONS = NO;
				ENABLE_STRICT_OBJC_MSGSEND = YES;
				GCC_C_LANGUAGE_STANDARD = gnu11;
				GCC_NO_COMMON_BLOCKS = YES;
				GCC_WARN_64_TO_32_BIT_CONVERSION = YES;
				GCC_WARN_ABOUT_RETURN_TYPE = YES_ERROR;
				GCC_WARN_UNDECLARED_SELECTOR = YES;
				GCC_WARN_UNINITIALIZED_AUTOS = YES_AGGRESSIVE;
				GCC_WARN_UNUSED_FUNCTION = YES;
				GCC_WARN_UNUSED_VARIABLE = YES;
				IPHONEOS_DEPLOYMENT_TARGET = 11.4;
				MTL_ENABLE_DEBUG_INFO = NO;
				SDKROOT = iphoneos;
				VALIDATE_PRODUCT = YES;
				WARNING_CFLAGS = "";
			};
			name = Release;
		};
		B337C9382143BCFC00E854F3 /* Debug */ = {
			isa = XCBuildConfiguration;
			baseConfigurationReference = E061B8EBE6A74E505838B10C /* Pods-BaseMVVM-RAC-Router.debug.xcconfig */;
			buildSettings = {
				ASSETCATALOG_COMPILER_APPICON_NAME = AppIcon;
				CLANG_WARN_DOCUMENTATION_COMMENTS = NO;
				CODE_SIGN_IDENTITY = "iPhone Developer";
				CODE_SIGN_STYLE = Automatic;
				DEVELOPMENT_TEAM = "";
				GCC_PRECOMPILE_PREFIX_HEADER = YES;
				GCC_PREFIX_HEADER = "$(SRCROOT)/baseMVVM-RAC-Router/Constant/PrefixHeader.h";
				INFOPLIST_FILE = "BaseMVVM-RAC-Router/Info.plist";
				IPHONEOS_DEPLOYMENT_TARGET = 8.0;
				LD_RUNPATH_SEARCH_PATHS = "$(inherited) @executable_path/Frameworks";
				OTHER_LDFLAGS = "$(inherited)";
				PRODUCT_BUNDLE_IDENTIFIER = com.shixunProj.b;
				PRODUCT_NAME = "$(TARGET_NAME)";
				PROVISIONING_PROFILE_SPECIFIER = "";
				TARGETED_DEVICE_FAMILY = "1,2";
			};
			name = Debug;
		};
		B337C9392143BCFC00E854F3 /* Release */ = {
			isa = XCBuildConfiguration;
			baseConfigurationReference = 8293D4D4B2A13C4DD2BE7FDE /* Pods-BaseMVVM-RAC-Router.release.xcconfig */;
			buildSettings = {
				ASSETCATALOG_COMPILER_APPICON_NAME = AppIcon;
				CLANG_WARN_DOCUMENTATION_COMMENTS = NO;
				CODE_SIGN_IDENTITY = "iPhone Developer";
				CODE_SIGN_STYLE = Automatic;
				DEVELOPMENT_TEAM = "";
				GCC_PRECOMPILE_PREFIX_HEADER = YES;
				GCC_PREFIX_HEADER = "$(SRCROOT)/baseMVVM-RAC-Router/Constant/PrefixHeader.h";
				INFOPLIST_FILE = "BaseMVVM-RAC-Router/Info.plist";
				IPHONEOS_DEPLOYMENT_TARGET = 8.0;
				LD_RUNPATH_SEARCH_PATHS = "$(inherited) @executable_path/Frameworks";
				OTHER_LDFLAGS = "$(inherited)";
				PRODUCT_BUNDLE_IDENTIFIER = com.shixunProj.b;
				PRODUCT_NAME = "$(TARGET_NAME)";
				PROVISIONING_PROFILE_SPECIFIER = "";
				TARGETED_DEVICE_FAMILY = "1,2";
			};
			name = Release;
		};
/* End XCBuildConfiguration section */

/* Begin XCConfigurationList section */
		B337C91C2143BCFB00E854F3 /* Build configuration list for PBXProject "BaseMVVM-RAC-Router" */ = {
			isa = XCConfigurationList;
			buildConfigurations = (
				B337C9352143BCFC00E854F3 /* Debug */,
				B337C9362143BCFC00E854F3 /* Release */,
			);
			defaultConfigurationIsVisible = 0;
			defaultConfigurationName = Release;
		};
		B337C9372143BCFC00E854F3 /* Build configuration list for PBXNativeTarget "BaseMVVM-RAC-Router" */ = {
			isa = XCConfigurationList;
			buildConfigurations = (
				B337C9382143BCFC00E854F3 /* Debug */,
				B337C9392143BCFC00E854F3 /* Release */,
			);
			defaultConfigurationIsVisible = 0;
			defaultConfigurationName = Release;
		};
/* End XCConfigurationList section */
	};
	rootObject = B337C9192143BCFB00E854F3 /* Project object */;
}
